
Microsoft Visual Studio Solution File, Format Version 12.00
# Visual Studio 14
VisualStudioVersion = 14.0.24720.0
MinimumVisualStudioVersion = 10.0.40219.1
Project("{FAE04EC0-301F-11D3-BF4B-00C04F79EFBC}") = "RestApi", "RestApi\RestApi.csproj", "{65B2A619-7087-4F25-A6AE-05D5C902DF98}"
EndProject
Project("{FAE04EC0-301F-11D3-BF4B-00C04F79EFBC}") = "Client.UI", "Client.UI\Client.UI.csproj", "{CA1321FA-E73C-45FF-B47C-843CBA8D3B8F}"
EndProject
Global
	GlobalSection(SolutionConfigurationPlatforms) = preSolution
		Debug|Any CPU = Debug|Any CPU
		Release|Any CPU = Release|Any CPU
	EndGlobalSection
	GlobalSection(ProjectConfigurationPlatforms) = postSolution
		{65B2A619-7087-4F25-A6AE-05D5C902DF98}.Debug|Any CPU.ActiveCfg = Debug|Any CPU
		{65B2A619-7087-4F25-A6AE-05D5C902DF98}.Debug|Any CPU.Build.0 = Debug|Any CPU
		{65B2A619-7087-4F25-A6AE-05D5C902DF98}.Release|Any CPU.ActiveCfg = Release|Any CPU
		{65B2A619-7087-4F25-A6AE-05D5C902DF98}.Release|Any CPU.Build.0 = Release|Any CPU
		{CA1321FA-E73C-45FF-B47C-843CBA8D3B8F}.Debug|Any CPU.ActiveCfg = Debug|Any CPU
		{CA1321FA-E73C-45FF-B47C-843CBA8D3B8F}.Debug|Any CPU.Build.0 = Debug|Any CPU
		{CA1321FA-E73C-45FF-B47C-843CBA8D3B8F}.Release|Any CPU.ActiveCfg = Release|Any CPU
		{CA1321FA-E73C-45FF-B47C-843CBA8D3B8F}.Release|Any CPU.Build.0 = Release|Any CPU
	EndGlobalSection
	GlobalSection(SolutionProperties) = preSolution
		HideSolutionNode = FALSE
	EndGlobalSection
EndGlobal
